
Microsoft Visual Studio Solution File, Format Version 12.00
# Visual Studio Version 17
VisualStudioVersion = 17.5.002.0
MinimumVisualStudioVersion = 10.0.40219.1
Project("{9A19103F-16F7-4668-BE54-9A1E7A4F7556}") = "PokemonReviewApp", "PokemonReviewApp.csproj", "{2CF7FED0-A394-4EA2-BD96-9160706FA5EC}"
EndProject
Global
	GlobalSection(SolutionConfigurationPlatforms) = preSolution
		Debug|Any CPU = Debug|Any CPU
		Release|Any CPU = Release|Any CPU
	EndGlobalSection
	GlobalSection(ProjectConfigurationPlatforms) = postSolution
		{2CF7FED0-A394-4EA2-BD96-9160706FA5EC}.Debug|Any CPU.ActiveCfg = Debug|Any CPU
		{2CF7FED0-A394-4EA2-BD96-9160706FA5EC}.Debug|Any CPU.Build.0 = Debug|Any CPU
		{2CF7FED0-A394-4EA2-BD96-9160706FA5EC}.Release|Any CPU.ActiveCfg = Release|Any CPU
		{2CF7FED0-A394-4EA2-BD96-9160706FA5EC}.Release|Any CPU.Build.0 = Release|Any CPU
	EndGlobalSection
	GlobalSection(SolutionProperties) = preSolution
		HideSolutionNode = FALSE
	EndGlobalSection
	GlobalSection(ExtensibilityGlobals) = postSolution
		SolutionGuid = {25357389-8B1D-4725-8F42-5E8D023DD107}
	EndGlobalSection
EndGlobal
